
Microsoft Visual Studio Solution File, Format Version 12.00
# Visual Studio 15
VisualStudioVersion = 15.0.28010.2046
MinimumVisualStudioVersion = 10.0.40219.1
Project("{8BC9CEB8-8B4A-11D0-8D11-00A0C91BC942}") = "Task1", "Task1\Task1.vcxproj", "{86A9AD80-3524-48AC-9E65-47E9C637BEA0}"
EndProject
Project("{8BC9CEB8-8B4A-11D0-8D11-00A0C91BC942}") = "Task2", "Task2\Task2.vcxproj", "{DE9AC2B5-CB2F-45A0-A87C-4175E85CECA4}"
EndProject
Global
	GlobalSection(SolutionConfigurationPlatforms) = preSolution
		Debug|x64 = Debug|x64
		Debug|x86 = Debug|x86
		Release|x64 = Release|x64
		Release|x86 = Release|x86
	EndGlobalSection
	GlobalSection(ProjectConfigurationPlatforms) = postSolution
		{86A9AD80-3524-48AC-9E65-47E9C637BEA0}.Debug|x64.ActiveCfg = Debug|x64
		{86A9AD80-3524-48AC-9E65-47E9C637BEA0}.Debug|x64.Build.0 = Debug|x64
		{86A9AD80-3524-48AC-9E65-47E9C637BEA0}.Debug|x86.ActiveCfg = Debug|Win32
		{86A9AD80-3524-48AC-9E65-47E9C637BEA0}.Debug|x86.Build.0 = Debug|Win32
		{86A9AD80-3524-48AC-9E65-47E9C637BEA0}.Release|x64.ActiveCfg = Release|x64
		{86A9AD80-3524-48AC-9E65-47E9C637BEA0}.Release|x64.Build.0 = Release|x64
		{86A9AD80-3524-48AC-9E65-47E9C637BEA0}.Release|x86.ActiveCfg = Release|Win32
		{86A9AD80-3524-48AC-9E65-47E9C637BEA0}.Release|x86.Build.0 = Release|Win32
		{DE9AC2B5-CB2F-45A0-A87C-4175E85CECA4}.Debug|x64.ActiveCfg = Debug|x64
		{DE9AC2B5-CB2F-45A0-A87C-4175E85CECA4}.Debug|x64.Build.0 = Debug|x64
		{DE9AC2B5-CB2F-45A0-A87C-4175E85CECA4}.Debug|x86.ActiveCfg = Debug|Win32
		{DE9AC2B5-CB2F-45A0-A87C-4175E85CECA4}.Debug|x86.Build.0 = Debug|Win32
		{DE9AC2B5-CB2F-45A0-A87C-4175E85CECA4}.Release|x64.ActiveCfg = Release|x64
		{DE9AC2B5-CB2F-45A0-A87C-4175E85CECA4}.Release|x64.Build.0 = Release|x64
		{DE9AC2B5-CB2F-45A0-A87C-4175E85CECA4}.Release|x86.ActiveCfg = Release|Win32
		{DE9AC2B5-CB2F-45A0-A87C-4175E85CECA4}.Release|x86.Build.0 = Release|Win32
	EndGlobalSection
	GlobalSection(SolutionProperties) = preSolution
		HideSolutionNode = FALSE
	EndGlobalSection
	GlobalSection(ExtensibilityGlobals) = postSolution
		SolutionGuid = {50B02F2F-B061-422D-81E8-67005FD6089A}
	EndGlobalSection
EndGlobal
